
Microsoft Visual Studio Solution File, Format Version 12.00
Project("{FAE04EC0-301F-11D3-BF4B-00C04F79EFBC}") = "MeshAdapter", "src\MeshAdapter\MeshAdapter.csproj", "{852D2570-DE79-4FEC-A5AA-A9288A438F20}"
EndProject
Project("{FAE04EC0-301F-11D3-BF4B-00C04F79EFBC}") = "MeshNodes.Sdk", "src\MeshNodes.Sdk\MeshNodes.Sdk.csproj", "{ACE91DCC-07EC-4CAB-9DFA-AAD923251BF9}"
EndProject
Project("{FAE04EC0-301F-11D3-BF4B-00C04F79EFBC}") = "MeshAdapter.Sdk", "src\MeshAdapter.Sdk\MeshAdapter.Sdk.csproj", "{E8619496-272A-4545-BC94-246175B83E9A}"
EndProject
Project("{FAE04EC0-301F-11D3-BF4B-00C04F79EFBC}") = "MeshAdapter.Sdk.Tests", "tests\MeshAdapter.Sdk.Tests\MeshAdapter.Sdk.Tests.csproj", "{809F2B1E-1EBD-4D03-B6D1-2EE14C7D699D}"
EndProject
Project("{2150E333-8FDC-42A3-9474-1A3956D46DE8}") = "tests", "tests", "{0AB3BF05-4346-4AA6-1389-037BE0695223}"
EndProject
Project("{FAE04EC0-301F-11D3-BF4B-00C04F79EFBC}") = "MeshAdapter.Sdk.IntegrationTests", "tests\MeshAdapter.Sdk.IntegrationTests\MeshAdapter.Sdk.IntegrationTests.csproj", "{812CEDD2-9B55-4062-A64D-0EE0FB80C92E}"
EndProject
Project("{2150E333-8FDC-42A3-9474-1A3956D46DE8}") = "src", "src", "{827E0CD3-B72D-47B6-A68D-7590B98EB39B}"
EndProject
Global
	GlobalSection(SolutionConfigurationPlatforms) = preSolution
		Debug|Any CPU = Debug|Any CPU
		Debug|x64 = Debug|x64
		Debug|x86 = Debug|x86
		Release|Any CPU = Release|Any CPU
		Release|x64 = Release|x64
		Release|x86 = Release|x86
		DebugL|Any CPU = DebugL|Any CPU
		DebugL|x64 = DebugL|x64
		DebugL|x86 = DebugL|x86
	EndGlobalSection
	GlobalSection(ProjectConfigurationPlatforms) = postSolution
		{852D2570-DE79-4FEC-A5AA-A9288A438F20}.Debug|Any CPU.ActiveCfg = Debug|Any CPU
		{852D2570-DE79-4FEC-A5AA-A9288A438F20}.Debug|Any CPU.Build.0 = Debug|Any CPU
		{852D2570-DE79-4FEC-A5AA-A9288A438F20}.Debug|x64.ActiveCfg = Debug|Any CPU
		{852D2570-DE79-4FEC-A5AA-A9288A438F20}.Debug|x64.Build.0 = Debug|Any CPU
		{852D2570-DE79-4FEC-A5AA-A9288A438F20}.Debug|x86.ActiveCfg = Debug|Any CPU
		{852D2570-DE79-4FEC-A5AA-A9288A438F20}.Debug|x86.Build.0 = Debug|Any CPU
		{852D2570-DE79-4FEC-A5AA-A9288A438F20}.Release|Any CPU.ActiveCfg = Release|Any CPU
		{852D2570-DE79-4FEC-A5AA-A9288A438F20}.Release|Any CPU.Build.0 = Release|Any CPU
		{852D2570-DE79-4FEC-A5AA-A9288A438F20}.Release|x64.ActiveCfg = Release|Any CPU
		{852D2570-DE79-4FEC-A5AA-A9288A438F20}.Release|x64.Build.0 = Release|Any CPU
		{852D2570-DE79-4FEC-A5AA-A9288A438F20}.Release|x86.ActiveCfg = Release|Any CPU
		{852D2570-DE79-4FEC-A5AA-A9288A438F20}.Release|x86.Build.0 = Release|Any CPU
		{852D2570-DE79-4FEC-A5AA-A9288A438F20}.DebugL|Any CPU.ActiveCfg = DebugL|Any CPU
		{852D2570-DE79-4FEC-A5AA-A9288A438F20}.DebugL|Any CPU.Build.0 = DebugL|Any CPU
		{852D2570-DE79-4FEC-A5AA-A9288A438F20}.DebugL|x64.ActiveCfg = DebugL|Any CPU
		{852D2570-DE79-4FEC-A5AA-A9288A438F20}.DebugL|x64.Build.0 = DebugL|Any CPU
		{852D2570-DE79-4FEC-A5AA-A9288A438F20}.DebugL|x86.ActiveCfg = DebugL|Any CPU
		{852D2570-DE79-4FEC-A5AA-A9288A438F20}.DebugL|x86.Build.0 = DebugL|Any CPU
		{ACE91DCC-07EC-4CAB-9DFA-AAD923251BF9}.Debug|Any CPU.ActiveCfg = Debug|Any CPU
		{ACE91DCC-07EC-4CAB-9DFA-AAD923251BF9}.Debug|Any CPU.Build.0 = Debug|Any CPU
		{ACE91DCC-07EC-4CAB-9DFA-AAD923251BF9}.Debug|x64.ActiveCfg = Debug|Any CPU
		{ACE91DCC-07EC-4CAB-9DFA-AAD923251BF9}.Debug|x64.Build.0 = Debug|Any CPU
		{ACE91DCC-07EC-4CAB-9DFA-AAD923251BF9}.Debug|x86.ActiveCfg = Debug|Any CPU
		{ACE91DCC-07EC-4CAB-9DFA-AAD923251BF9}.Debug|x86.Build.0 = Debug|Any CPU
		{ACE91DCC-07EC-4CAB-9DFA-AAD923251BF9}.Release|Any CPU.ActiveCfg = Release|Any CPU
		{ACE91DCC-07EC-4CAB-9DFA-AAD923251BF9}.Release|Any CPU.Build.0 = Release|Any CPU
		{ACE91DCC-07EC-4CAB-9DFA-AAD923251BF9}.Release|x64.ActiveCfg = Release|Any CPU
		{ACE91DCC-07EC-4CAB-9DFA-AAD923251BF9}.Release|x64.Build.0 = Release|Any CPU
		{ACE91DCC-07EC-4CAB-9DFA-AAD923251BF9}.Release|x86.ActiveCfg = Release|Any CPU
		{ACE91DCC-07EC-4CAB-9DFA-AAD923251BF9}.Release|x86.Build.0 = Release|Any CPU
		{ACE91DCC-07EC-4CAB-9DFA-AAD923251BF9}.DebugL|Any CPU.ActiveCfg = DebugL|Any CPU
		{ACE91DCC-07EC-4CAB-9DFA-AAD923251BF9}.DebugL|Any CPU.Build.0 = DebugL|Any CPU
		{ACE91DCC-07EC-4CAB-9DFA-AAD923251BF9}.DebugL|x64.ActiveCfg = DebugL|Any CPU
		{ACE91DCC-07EC-4CAB-9DFA-AAD923251BF9}.DebugL|x64.Build.0 = DebugL|Any CPU
		{ACE91DCC-07EC-4CAB-9DFA-AAD923251BF9}.DebugL|x86.ActiveCfg = DebugL|Any CPU
		{ACE91DCC-07EC-4CAB-9DFA-AAD923251BF9}.DebugL|x86.Build.0 = DebugL|Any CPU
		{E8619496-272A-4545-BC94-246175B83E9A}.Debug|Any CPU.ActiveCfg = Debug|Any CPU
		{E8619496-272A-4545-BC94-246175B83E9A}.Debug|Any CPU.Build.0 = Debug|Any CPU
		{E8619496-272A-4545-BC94-246175B83E9A}.Debug|x64.ActiveCfg = Debug|Any CPU
		{E8619496-272A-4545-BC94-246175B83E9A}.Debug|x64.Build.0 = Debug|Any CPU
		{E8619496-272A-4545-BC94-246175B83E9A}.Debug|x86.ActiveCfg = Debug|Any CPU
		{E8619496-272A-4545-BC94-246175B83E9A}.Debug|x86.Build.0 = Debug|Any CPU
		{E8619496-272A-4545-BC94-246175B83E9A}.Release|Any CPU.ActiveCfg = Release|Any CPU
		{E8619496-272A-4545-BC94-246175B83E9A}.Release|Any CPU.Build.0 = Release|Any CPU
		{E8619496-272A-4545-BC94-246175B83E9A}.Release|x64.ActiveCfg = Release|Any CPU
		{E8619496-272A-4545-BC94-246175B83E9A}.Release|x64.Build.0 = Release|Any CPU
		{E8619496-272A-4545-BC94-246175B83E9A}.Release|x86.ActiveCfg = Release|Any CPU
		{E8619496-272A-4545-BC94-246175B83E9A}.Release|x86.Build.0 = Release|Any CPU
		{E8619496-272A-4545-BC94-246175B83E9A}.DebugL|Any CPU.ActiveCfg = DebugL|Any CPU
		{E8619496-272A-4545-BC94-246175B83E9A}.DebugL|Any CPU.Build.0 = DebugL|Any CPU
		{E8619496-272A-4545-BC94-246175B83E9A}.DebugL|x64.ActiveCfg = DebugL|Any CPU
		{E8619496-272A-4545-BC94-246175B83E9A}.DebugL|x64.Build.0 = DebugL|Any CPU
		{E8619496-272A-4545-BC94-246175B83E9A}.DebugL|x86.ActiveCfg = DebugL|Any CPU
		{E8619496-272A-4545-BC94-246175B83E9A}.DebugL|x86.Build.0 = DebugL|Any CPU
		{809F2B1E-1EBD-4D03-B6D1-2EE14C7D699D}.Debug|Any CPU.ActiveCfg = Debug|Any CPU
		{809F2B1E-1EBD-4D03-B6D1-2EE14C7D699D}.Debug|Any CPU.Build.0 = Debug|Any CPU
		{809F2B1E-1EBD-4D03-B6D1-2EE14C7D699D}.Debug|x64.ActiveCfg = Debug|Any CPU
		{809F2B1E-1EBD-4D03-B6D1-2EE14C7D699D}.Debug|x64.Build.0 = Debug|Any CPU
		{809F2B1E-1EBD-4D03-B6D1-2EE14C7D699D}.Debug|x86.ActiveCfg = Debug|Any CPU
		{809F2B1E-1EBD-4D03-B6D1-2EE14C7D699D}.Debug|x86.Build.0 = Debug|Any CPU
		{809F2B1E-1EBD-4D03-B6D1-2EE14C7D699D}.Release|Any CPU.ActiveCfg = Release|Any CPU
		{809F2B1E-1EBD-4D03-B6D1-2EE14C7D699D}.Release|Any CPU.Build.0 = Release|Any CPU
		{809F2B1E-1EBD-4D03-B6D1-2EE14C7D699D}.Release|x64.ActiveCfg = Release|Any CPU
		{809F2B1E-1EBD-4D03-B6D1-2EE14C7D699D}.Release|x64.Build.0 = Release|Any CPU
		{809F2B1E-1EBD-4D03-B6D1-2EE14C7D699D}.Release|x86.ActiveCfg = Release|Any CPU
		{809F2B1E-1EBD-4D03-B6D1-2EE14C7D699D}.Release|x86.Build.0 = Release|Any CPU
		{809F2B1E-1EBD-4D03-B6D1-2EE14C7D699D}.DebugL|Any CPU.ActiveCfg = DebugL|Any CPU
		{809F2B1E-1EBD-4D03-B6D1-2EE14C7D699D}.DebugL|Any CPU.Build.0 = DebugL|Any CPU
		{809F2B1E-1EBD-4D03-B6D1-2EE14C7D699D}.DebugL|x64.ActiveCfg = DebugL|Any CPU
		{809F2B1E-1EBD-4D03-B6D1-2EE14C7D699D}.DebugL|x64.Build.0 = DebugL|Any CPU
		{809F2B1E-1EBD-4D03-B6D1-2EE14C7D699D}.DebugL|x86.ActiveCfg = DebugL|Any CPU
		{809F2B1E-1EBD-4D03-B6D1-2EE14C7D699D}.DebugL|x86.Build.0 = DebugL|Any CPU
		{812CEDD2-9B55-4062-A64D-0EE0FB80C92E}.Debug|Any CPU.ActiveCfg = Debug|Any CPU
		{812CEDD2-9B55-4062-A64D-0EE0FB80C92E}.Debug|Any CPU.Build.0 = Debug|Any CPU
		{812CEDD2-9B55-4062-A64D-0EE0FB80C92E}.Debug|x64.ActiveCfg = Debug|Any CPU
		{812CEDD2-9B55-4062-A64D-0EE0FB80C92E}.Debug|x64.Build.0 = Debug|Any CPU
		{812CEDD2-9B55-4062-A64D-0EE0FB80C92E}.Debug|x86.ActiveCfg = Debug|Any CPU
		{812CEDD2-9B55-4062-A64D-0EE0FB80C92E}.Debug|x86.Build.0 = Debug|Any CPU
		{812CEDD2-9B55-4062-A64D-0EE0FB80C92E}.Release|Any CPU.ActiveCfg = Release|Any CPU
		{812CEDD2-9B55-4062-A64D-0EE0FB80C92E}.Release|Any CPU.Build.0 = Release|Any CPU
		{812CEDD2-9B55-4062-A64D-0EE0FB80C92E}.Release|x64.ActiveCfg = Release|Any CPU
		{812CEDD2-9B55-4062-A64D-0EE0FB80C92E}.Release|x64.Build.0 = Release|Any CPU
		{812CEDD2-9B55-4062-A64D-0EE0FB80C92E}.Release|x86.ActiveCfg = Release|Any CPU
		{812CEDD2-9B55-4062-A64D-0EE0FB80C92E}.Release|x86.Build.0 = Release|Any CPU
		{812CEDD2-9B55-4062-A64D-0EE0FB80C92E}.DebugL|Any CPU.ActiveCfg = DebugL|Any CPU
		{812CEDD2-9B55-4062-A64D-0EE0FB80C92E}.DebugL|Any CPU.Build.0 = DebugL|Any CPU
		{812CEDD2-9B55-4062-A64D-0EE0FB80C92E}.DebugL|x64.ActiveCfg = DebugL|Any CPU
		{812CEDD2-9B55-4062-A64D-0EE0FB80C92E}.DebugL|x64.Build.0 = DebugL|Any CPU
		{812CEDD2-9B55-4062-A64D-0EE0FB80C92E}.DebugL|x86.ActiveCfg = DebugL|Any CPU
		{812CEDD2-9B55-4062-A64D-0EE0FB80C92E}.DebugL|x86.Build.0 = DebugL|Any CPU
	EndGlobalSection
	GlobalSection(SolutionProperties) = preSolution
		HideSolutionNode = FALSE
	EndGlobalSection
	GlobalSection(NestedProjects) = preSolution
		{812CEDD2-9B55-4062-A64D-0EE0FB80C92E} = {0AB3BF05-4346-4AA6-1389-037BE0695223}
	EndGlobalSection
EndGlobal
