
Microsoft Visual Studio Solution File, Format Version 12.00
Project("{FAE04EC0-301F-11D3-BF4B-00C04F79EFBC}") = "MeshAdapter", "src\MeshAdapter\MeshAdapter.csproj", "{852D2570-DE79-4FEC-A5AA-A9288A438F20}"
EndProject
Project("{2150E333-8FDC-42A3-9474-1A3956D46DE8}") = "octo-common-services", "octo-common-services", "{67C310F6-35FA-44C8-A379-A38DF7315A0D}"
EndProject
Project("{2150E333-8FDC-42A3-9474-1A3956D46DE8}") = "octo-construction-kit-engine-mongodb", "octo-construction-kit-engine-mongodb", "{738B9E63-F79A-413C-86BC-E1C3BFCD56A2}"
EndProject
Project("{FAE04EC0-301F-11D3-BF4B-00C04F79EFBC}") = "Runtime.Contracts.MongoDb", "src\octo-common-services\src\octo-construction-kit-engine-mongodb\src\Runtime.Contracts.MongoDb\Runtime.Contracts.MongoDb.csproj", "{622BB7F1-EE68-449A-A225-7777C3EDDE6D}"
EndProject
Project("{FAE04EC0-301F-11D3-BF4B-00C04F79EFBC}") = "Runtime.Engine.MongoDb", "src\octo-common-services\src\octo-construction-kit-engine-mongodb\src\Runtime.Engine.MongoDb\Runtime.Engine.MongoDb.csproj", "{4367DFBA-5188-4EC3-9B2E-3CC2E2F0E136}"
EndProject
Project("{FAE04EC0-301F-11D3-BF4B-00C04F79EFBC}") = "Infrastructure", "src\octo-common-services\src\Infrastructure\Infrastructure.csproj", "{7F99E17A-9367-4FD0-84CA-61D0EAF4E28E}"
EndProject
Project("{FAE04EC0-301F-11D3-BF4B-00C04F79EFBC}") = "StreamData", "src\octo-common-services\src\StreamData\StreamData.csproj", "{FE432E21-D251-4F61-8D63-4DF235867D78}"
EndProject
Project("{FAE04EC0-301F-11D3-BF4B-00C04F79EFBC}") = "MeshNodes.Sdk", "src\MeshNodes.Sdk\MeshNodes.Sdk.csproj", "{ACE91DCC-07EC-4CAB-9DFA-AAD923251BF9}"
EndProject
Project("{FAE04EC0-301F-11D3-BF4B-00C04F79EFBC}") = "Notifications", "src\octo-common-services\src\Notifications\Notifications.csproj", "{DEF0F70A-F568-4D79-99CA-609BDBA9BD4B}"
EndProject
Project("{FAE04EC0-301F-11D3-BF4B-00C04F79EFBC}") = "Observability", "src\octo-common-services\src\Observability\Observability.csproj", "{ECCA45B5-E551-4D7C-BD3D-FF19810E2A8D}"
EndProject
Project("{FAE04EC0-301F-11D3-BF4B-00C04F79EFBC}") = "Contracts", "src\octo-common-services\src\Contracts\Contracts.csproj", "{1C960E0D-B258-4D5E-BA5B-1F81CF6280D4}"
EndProject
Project("{FAE04EC0-301F-11D3-BF4B-00C04F79EFBC}") = "MeshAdapter.Sdk", "src\MeshAdapter.Sdk\MeshAdapter.Sdk.csproj", "{E8619496-272A-4545-BC94-246175B83E9A}"
EndProject
Global
	GlobalSection(SolutionConfigurationPlatforms) = preSolution
		Debug|Any CPU = Debug|Any CPU
		Release|Any CPU = Release|Any CPU
		DebugL|Any CPU = DebugL|Any CPU
	EndGlobalSection
	GlobalSection(ProjectConfigurationPlatforms) = postSolution
		{852D2570-DE79-4FEC-A5AA-A9288A438F20}.Debug|Any CPU.ActiveCfg = Debug|Any CPU
		{852D2570-DE79-4FEC-A5AA-A9288A438F20}.Debug|Any CPU.Build.0 = Debug|Any CPU
		{852D2570-DE79-4FEC-A5AA-A9288A438F20}.Release|Any CPU.ActiveCfg = Release|Any CPU
		{852D2570-DE79-4FEC-A5AA-A9288A438F20}.Release|Any CPU.Build.0 = Release|Any CPU
		{852D2570-DE79-4FEC-A5AA-A9288A438F20}.DebugL|Any CPU.ActiveCfg = DebugL|Any CPU
		{852D2570-DE79-4FEC-A5AA-A9288A438F20}.DebugL|Any CPU.Build.0 = DebugL|Any CPU
		{622BB7F1-EE68-449A-A225-7777C3EDDE6D}.Debug|Any CPU.ActiveCfg = Debug|Any CPU
		{622BB7F1-EE68-449A-A225-7777C3EDDE6D}.Debug|Any CPU.Build.0 = Debug|Any CPU
		{622BB7F1-EE68-449A-A225-7777C3EDDE6D}.Release|Any CPU.ActiveCfg = Release|Any CPU
		{622BB7F1-EE68-449A-A225-7777C3EDDE6D}.Release|Any CPU.Build.0 = Release|Any CPU
		{622BB7F1-EE68-449A-A225-7777C3EDDE6D}.DebugL|Any CPU.ActiveCfg = DebugL|Any CPU
		{622BB7F1-EE68-449A-A225-7777C3EDDE6D}.DebugL|Any CPU.Build.0 = DebugL|Any CPU
		{4367DFBA-5188-4EC3-9B2E-3CC2E2F0E136}.Debug|Any CPU.ActiveCfg = Debug|Any CPU
		{4367DFBA-5188-4EC3-9B2E-3CC2E2F0E136}.Debug|Any CPU.Build.0 = Debug|Any CPU
		{4367DFBA-5188-4EC3-9B2E-3CC2E2F0E136}.Release|Any CPU.ActiveCfg = Release|Any CPU
		{4367DFBA-5188-4EC3-9B2E-3CC2E2F0E136}.Release|Any CPU.Build.0 = Release|Any CPU
		{4367DFBA-5188-4EC3-9B2E-3CC2E2F0E136}.DebugL|Any CPU.ActiveCfg = DebugL|Any CPU
		{4367DFBA-5188-4EC3-9B2E-3CC2E2F0E136}.DebugL|Any CPU.Build.0 = DebugL|Any CPU
		{7F99E17A-9367-4FD0-84CA-61D0EAF4E28E}.Debug|Any CPU.ActiveCfg = Debug|Any CPU
		{7F99E17A-9367-4FD0-84CA-61D0EAF4E28E}.Debug|Any CPU.Build.0 = Debug|Any CPU
		{7F99E17A-9367-4FD0-84CA-61D0EAF4E28E}.Release|Any CPU.ActiveCfg = Release|Any CPU
		{7F99E17A-9367-4FD0-84CA-61D0EAF4E28E}.Release|Any CPU.Build.0 = Release|Any CPU
		{7F99E17A-9367-4FD0-84CA-61D0EAF4E28E}.DebugL|Any CPU.ActiveCfg = DebugL|Any CPU
		{7F99E17A-9367-4FD0-84CA-61D0EAF4E28E}.DebugL|Any CPU.Build.0 = DebugL|Any CPU
		{FE432E21-D251-4F61-8D63-4DF235867D78}.Debug|Any CPU.ActiveCfg = Debug|Any CPU
		{FE432E21-D251-4F61-8D63-4DF235867D78}.Debug|Any CPU.Build.0 = Debug|Any CPU
		{FE432E21-D251-4F61-8D63-4DF235867D78}.Release|Any CPU.ActiveCfg = Release|Any CPU
		{FE432E21-D251-4F61-8D63-4DF235867D78}.Release|Any CPU.Build.0 = Release|Any CPU
		{FE432E21-D251-4F61-8D63-4DF235867D78}.DebugL|Any CPU.ActiveCfg = DebugL|Any CPU
		{FE432E21-D251-4F61-8D63-4DF235867D78}.DebugL|Any CPU.Build.0 = DebugL|Any CPU
		{ACE91DCC-07EC-4CAB-9DFA-AAD923251BF9}.Debug|Any CPU.ActiveCfg = Debug|Any CPU
		{ACE91DCC-07EC-4CAB-9DFA-AAD923251BF9}.Debug|Any CPU.Build.0 = Debug|Any CPU
		{ACE91DCC-07EC-4CAB-9DFA-AAD923251BF9}.Release|Any CPU.ActiveCfg = Release|Any CPU
		{ACE91DCC-07EC-4CAB-9DFA-AAD923251BF9}.Release|Any CPU.Build.0 = Release|Any CPU
		{ACE91DCC-07EC-4CAB-9DFA-AAD923251BF9}.DebugL|Any CPU.ActiveCfg = DebugL|Any CPU
		{ACE91DCC-07EC-4CAB-9DFA-AAD923251BF9}.DebugL|Any CPU.Build.0 = DebugL|Any CPU
		{DEF0F70A-F568-4D79-99CA-609BDBA9BD4B}.Debug|Any CPU.ActiveCfg = Debug|Any CPU
		{DEF0F70A-F568-4D79-99CA-609BDBA9BD4B}.Debug|Any CPU.Build.0 = Debug|Any CPU
		{DEF0F70A-F568-4D79-99CA-609BDBA9BD4B}.Release|Any CPU.ActiveCfg = Release|Any CPU
		{DEF0F70A-F568-4D79-99CA-609BDBA9BD4B}.Release|Any CPU.Build.0 = Release|Any CPU
		{DEF0F70A-F568-4D79-99CA-609BDBA9BD4B}.DebugL|Any CPU.ActiveCfg = DebugL|Any CPU
		{DEF0F70A-F568-4D79-99CA-609BDBA9BD4B}.DebugL|Any CPU.Build.0 = DebugL|Any CPU
		{ECCA45B5-E551-4D7C-BD3D-FF19810E2A8D}.Debug|Any CPU.ActiveCfg = Debug|Any CPU
		{ECCA45B5-E551-4D7C-BD3D-FF19810E2A8D}.Debug|Any CPU.Build.0 = Debug|Any CPU
		{ECCA45B5-E551-4D7C-BD3D-FF19810E2A8D}.Release|Any CPU.ActiveCfg = Release|Any CPU
		{ECCA45B5-E551-4D7C-BD3D-FF19810E2A8D}.Release|Any CPU.Build.0 = Release|Any CPU
		{ECCA45B5-E551-4D7C-BD3D-FF19810E2A8D}.DebugL|Any CPU.ActiveCfg = DebugL|Any CPU
		{ECCA45B5-E551-4D7C-BD3D-FF19810E2A8D}.DebugL|Any CPU.Build.0 = DebugL|Any CPU
		{1C960E0D-B258-4D5E-BA5B-1F81CF6280D4}.Debug|Any CPU.ActiveCfg = Debug|Any CPU
		{1C960E0D-B258-4D5E-BA5B-1F81CF6280D4}.Debug|Any CPU.Build.0 = Debug|Any CPU
		{1C960E0D-B258-4D5E-BA5B-1F81CF6280D4}.Release|Any CPU.ActiveCfg = Release|Any CPU
		{1C960E0D-B258-4D5E-BA5B-1F81CF6280D4}.Release|Any CPU.Build.0 = Release|Any CPU
		{1C960E0D-B258-4D5E-BA5B-1F81CF6280D4}.DebugL|Any CPU.ActiveCfg = DebugL|Any CPU
		{1C960E0D-B258-4D5E-BA5B-1F81CF6280D4}.DebugL|Any CPU.Build.0 = DebugL|Any CPU
		{E8619496-272A-4545-BC94-246175B83E9A}.Debug|Any CPU.ActiveCfg = Debug|Any CPU
		{E8619496-272A-4545-BC94-246175B83E9A}.Debug|Any CPU.Build.0 = Debug|Any CPU
		{E8619496-272A-4545-BC94-246175B83E9A}.Release|Any CPU.ActiveCfg = Release|Any CPU
		{E8619496-272A-4545-BC94-246175B83E9A}.Release|Any CPU.Build.0 = Release|Any CPU
		{E8619496-272A-4545-BC94-246175B83E9A}.DebugL|Any CPU.ActiveCfg = DebugL|Any CPU
		{E8619496-272A-4545-BC94-246175B83E9A}.DebugL|Any CPU.Build.0 = DebugL|Any CPU
	EndGlobalSection
	GlobalSection(NestedProjects) = preSolution
		{738B9E63-F79A-413C-86BC-E1C3BFCD56A2} = {67C310F6-35FA-44C8-A379-A38DF7315A0D}
		{622BB7F1-EE68-449A-A225-7777C3EDDE6D} = {738B9E63-F79A-413C-86BC-E1C3BFCD56A2}
		{4367DFBA-5188-4EC3-9B2E-3CC2E2F0E136} = {738B9E63-F79A-413C-86BC-E1C3BFCD56A2}
		{7F99E17A-9367-4FD0-84CA-61D0EAF4E28E} = {67C310F6-35FA-44C8-A379-A38DF7315A0D}
		{FE432E21-D251-4F61-8D63-4DF235867D78} = {67C310F6-35FA-44C8-A379-A38DF7315A0D}
		{DEF0F70A-F568-4D79-99CA-609BDBA9BD4B} = {67C310F6-35FA-44C8-A379-A38DF7315A0D}
		{ECCA45B5-E551-4D7C-BD3D-FF19810E2A8D} = {67C310F6-35FA-44C8-A379-A38DF7315A0D}
		{1C960E0D-B258-4D5E-BA5B-1F81CF6280D4} = {67C310F6-35FA-44C8-A379-A38DF7315A0D}
	EndGlobalSection
EndGlobal
